PODS:
  - Alamofire (5.4.3)
  - Kingfisher (5.15.8):
    - Kingfisher/Core (= 5.15.8)
  - Kingfisher/Core (5.15.8)

DEPENDENCIES:
  - Alamofire (~> 5.4)
  - Kingfisher (~> 5.8)

SPEC REPOS:
  trunk:
    - Alamofire
    - Kingfisher

SPEC CHECKSUMS:
  Alamofire: e447a2774a40c996748296fa2c55112fdbbc42f9
  Kingfisher: a3c03d702433fa6cfedabb2bddbe076fb8f2e902

PODFILE CHECKSUM: 565e447b4bd95bea72cc98d9d0d87d9a46670ea1

COCOAPODS: 1.11.0
